
Microsoft Visual Studio Solution File, Format Version 12.00
# Visual Studio 15
VisualStudioVersion = 15.0.28010.2048
MinimumVisualStudioVersion = 10.0.40219.1
Project("{FAE04EC0-301F-11D3-BF4B-00C04F79EFBC}") = "Agency", "Agency.csproj", "{5F0B6E9B-C800-4B85-A4AA-12897935C5C9}"
EndProject
Project("{FAE04EC0-301F-11D3-BF4B-00C04F79EFBC}") = "BL", "..\BL\BL.csproj", "{F1D75D6F-A202-4071-896F-E6928777537E}"
EndProject
Project("{FAE04EC0-301F-11D3-BF4B-00C04F79EFBC}") = "DAL", "DAL\DAL.csproj", "{EFBE3F68-E2B0-4DA5-B167-B13F74CC61BF}"
EndProject
Project("{FAE04EC0-301F-11D3-BF4B-00C04F79EFBC}") = "Common", "Common\Common.csproj", "{696C87BF-FBFE-4846-BB03-48C9BCA70A49}"
EndProject
Project("{FAE04EC0-301F-11D3-BF4B-00C04F79EFBC}") = "TestWeb", "..\TestWeb\TestWeb.csproj", "{F6037D36-C704-4240-8DA3-01110C246695}"
EndProject
Global
	GlobalSection(SolutionConfigurationPlatforms) = preSolution
		Debug|Any CPU = Debug|Any CPU
		Release|Any CPU = Release|Any CPU
	EndGlobalSection
	GlobalSection(ProjectConfigurationPlatforms) = postSolution
		{5F0B6E9B-C800-4B85-A4AA-12897935C5C9}.Debug|Any CPU.ActiveCfg = Debug|Any CPU
		{5F0B6E9B-C800-4B85-A4AA-12897935C5C9}.Debug|Any CPU.Build.0 = Debug|Any CPU
		{5F0B6E9B-C800-4B85-A4AA-12897935C5C9}.Release|Any CPU.ActiveCfg = Release|Any CPU
		{5F0B6E9B-C800-4B85-A4AA-12897935C5C9}.Release|Any CPU.Build.0 = Release|Any CPU
		{F1D75D6F-A202-4071-896F-E6928777537E}.Debug|Any CPU.ActiveCfg = Debug|Any CPU
		{F1D75D6F-A202-4071-896F-E6928777537E}.Debug|Any CPU.Build.0 = Debug|Any CPU
		{F1D75D6F-A202-4071-896F-E6928777537E}.Release|Any CPU.ActiveCfg = Release|Any CPU
		{F1D75D6F-A202-4071-896F-E6928777537E}.Release|Any CPU.Build.0 = Release|Any CPU
		{EFBE3F68-E2B0-4DA5-B167-B13F74CC61BF}.Debug|Any CPU.ActiveCfg = Debug|Any CPU
		{EFBE3F68-E2B0-4DA5-B167-B13F74CC61BF}.Debug|Any CPU.Build.0 = Debug|Any CPU
		{EFBE3F68-E2B0-4DA5-B167-B13F74CC61BF}.Release|Any CPU.ActiveCfg = Release|Any CPU
		{EFBE3F68-E2B0-4DA5-B167-B13F74CC61BF}.Release|Any CPU.Build.0 = Release|Any CPU
		{696C87BF-FBFE-4846-BB03-48C9BCA70A49}.Debug|Any CPU.ActiveCfg = Debug|Any CPU
		{696C87BF-FBFE-4846-BB03-48C9BCA70A49}.Debug|Any CPU.Build.0 = Debug|Any CPU
		{696C87BF-FBFE-4846-BB03-48C9BCA70A49}.Release|Any CPU.ActiveCfg = Release|Any CPU
		{696C87BF-FBFE-4846-BB03-48C9BCA70A49}.Release|Any CPU.Build.0 = Release|Any CPU
		{F6037D36-C704-4240-8DA3-01110C246695}.Debug|Any CPU.ActiveCfg = Debug|Any CPU
		{F6037D36-C704-4240-8DA3-01110C246695}.Debug|Any CPU.Build.0 = Debug|Any CPU
		{F6037D36-C704-4240-8DA3-01110C246695}.Release|Any CPU.ActiveCfg = Release|Any CPU
		{F6037D36-C704-4240-8DA3-01110C246695}.Release|Any CPU.Build.0 = Release|Any CPU
	EndGlobalSection
	GlobalSection(SolutionProperties) = preSolution
		HideSolutionNode = FALSE
	EndGlobalSection
	GlobalSection(ExtensibilityGlobals) = postSolution
		SolutionGuid = {00950B55-9F04-44E3-8BB3-51DBD6C870CD}
	EndGlobalSection
EndGlobal
